
Microsoft Visual Studio Solution File, Format Version 12.00
# Visual Studio 14
VisualStudioVersion = 14.0.23107.0
MinimumVisualStudioVersion = 10.0.40219.1
Project("{FAE04EC0-301F-11D3-BF4B-00C04F79EFBC}") = "DocWebSite", "DocWebSite\DocWebSite.csproj", "{7E2D3932-44F2-4361-B566-8C1717962AD9}"
EndProject
Project("{FAE04EC0-301F-11D3-BF4B-00C04F79EFBC}") = "GenDoc", "GenDoc\GenDoc.csproj", "{972154CA-4D9C-455F-8D67-ED2E189D7A35}"
EndProject
Project("{FAE04EC0-301F-11D3-BF4B-00C04F79EFBC}") = "DocSource", "DocSource\DocSource.csproj", "{2ECEB28D-D9CA-4861-99B3-988C4EA91C55}"
EndProject
Project("{FAE04EC0-301F-11D3-BF4B-00C04F79EFBC}") = "GenDoc.UnitTests", "GenDoc.UnitTests\GenDoc.UnitTests.csproj", "{4250DBEB-D980-4F56-8D8C-EA803D2D1D41}"
EndProject
Project("{FAE04EC0-301F-11D3-BF4B-00C04F79EFBC}") = "my-mocha-reporter", "my-mocha-reporter\my-mocha-reporter.csproj", "{3FDEF1E3-6AFA-4F18-B227-86D993EA734F}"
EndProject
Global
	GlobalSection(SolutionConfigurationPlatforms) = preSolution
		Debug|Any CPU = Debug|Any CPU
		Release|Any CPU = Release|Any CPU
	EndGlobalSection
	GlobalSection(ProjectConfigurationPlatforms) = postSolution
		{7E2D3932-44F2-4361-B566-8C1717962AD9}.Debug|Any CPU.ActiveCfg = Debug|Any CPU
		{7E2D3932-44F2-4361-B566-8C1717962AD9}.Debug|Any CPU.Build.0 = Debug|Any CPU
		{7E2D3932-44F2-4361-B566-8C1717962AD9}.Release|Any CPU.ActiveCfg = Release|Any CPU
		{7E2D3932-44F2-4361-B566-8C1717962AD9}.Release|Any CPU.Build.0 = Release|Any CPU
		{972154CA-4D9C-455F-8D67-ED2E189D7A35}.Debug|Any CPU.ActiveCfg = Debug|Any CPU
		{972154CA-4D9C-455F-8D67-ED2E189D7A35}.Debug|Any CPU.Build.0 = Debug|Any CPU
		{972154CA-4D9C-455F-8D67-ED2E189D7A35}.Release|Any CPU.ActiveCfg = Release|Any CPU
		{972154CA-4D9C-455F-8D67-ED2E189D7A35}.Release|Any CPU.Build.0 = Release|Any CPU
		{2ECEB28D-D9CA-4861-99B3-988C4EA91C55}.Debug|Any CPU.ActiveCfg = Debug|Any CPU
		{2ECEB28D-D9CA-4861-99B3-988C4EA91C55}.Debug|Any CPU.Build.0 = Debug|Any CPU
		{2ECEB28D-D9CA-4861-99B3-988C4EA91C55}.Release|Any CPU.ActiveCfg = Release|Any CPU
		{2ECEB28D-D9CA-4861-99B3-988C4EA91C55}.Release|Any CPU.Build.0 = Release|Any CPU
		{4250DBEB-D980-4F56-8D8C-EA803D2D1D41}.Debug|Any CPU.ActiveCfg = Debug|Any CPU
		{4250DBEB-D980-4F56-8D8C-EA803D2D1D41}.Debug|Any CPU.Build.0 = Debug|Any CPU
		{4250DBEB-D980-4F56-8D8C-EA803D2D1D41}.Release|Any CPU.ActiveCfg = Release|Any CPU
		{4250DBEB-D980-4F56-8D8C-EA803D2D1D41}.Release|Any CPU.Build.0 = Release|Any CPU
		{3FDEF1E3-6AFA-4F18-B227-86D993EA734F}.Debug|Any CPU.ActiveCfg = Debug|Any CPU
		{3FDEF1E3-6AFA-4F18-B227-86D993EA734F}.Debug|Any CPU.Build.0 = Debug|Any CPU
		{3FDEF1E3-6AFA-4F18-B227-86D993EA734F}.Release|Any CPU.ActiveCfg = Release|Any CPU
		{3FDEF1E3-6AFA-4F18-B227-86D993EA734F}.Release|Any CPU.Build.0 = Release|Any CPU
	EndGlobalSection
	GlobalSection(SolutionProperties) = preSolution
		HideSolutionNode = FALSE
	EndGlobalSection
EndGlobal
